
Microsoft Visual Studio Solution File, Format Version 12.00
# Visual Studio Version 17
VisualStudioVersion = 17.5.33516.290
MinimumVisualStudioVersion = 10.0.40219.1
Project("{9A19103F-16F7-4668-BE54-9A1E7A4F7556}") = "Lucky_Charm_Event_track", "Lucky_Charm_Event_track\Lucky_Charm_Event_track.csproj", "{1B9DB2F8-A8EA-4E06-8FF0-3D8575D91084}"
EndProject
Global
	GlobalSection(SolutionConfigurationPlatforms) = preSolution
		Debug|Any CPU = Debug|Any CPU
		Release|Any CPU = Release|Any CPU
	EndGlobalSection
	GlobalSection(ProjectConfigurationPlatforms) = postSolution
		{1B9DB2F8-A8EA-4E06-8FF0-3D8575D91084}.Debug|Any CPU.ActiveCfg = Debug|Any CPU
		{1B9DB2F8-A8EA-4E06-8FF0-3D8575D91084}.Debug|Any CPU.Build.0 = Debug|Any CPU
		{1B9DB2F8-A8EA-4E06-8FF0-3D8575D91084}.Release|Any CPU.ActiveCfg = Release|Any CPU
		{1B9DB2F8-A8EA-4E06-8FF0-3D8575D91084}.Release|Any CPU.Build.0 = Release|Any CPU
	EndGlobalSection
	GlobalSection(SolutionProperties) = preSolution
		HideSolutionNode = FALSE
	EndGlobalSection
	GlobalSection(ExtensibilityGlobals) = postSolution
		SolutionGuid = {F5869414-5EFC-4064-BC4F-FAC33E1F12A8}
	EndGlobalSection
EndGlobal
